// !$*UTF8*$!
{
	archiveVersion = 1;
	classes = {
	};
	objectVersion = 51;
	objects = {

/* Begin PBXBuildFile section */
		50BB3D9E8409A7D51CEB8E17 /* Pods_KTCodeTextView.framework in Frameworks */ = {isa = PBXBuildFile; fileRef = 566FE9D3A9ABE4241A6F8A83 /* Pods_KTCodeTextView.framework */; };
		685BFD2609EE6E7753D506DA /* Pods_KTCodeTextView_KTCodeTextViewUITests.framework in Frameworks */ = {isa = PBXBuildFile; fileRef = D0C30CAAB6BE457F4539402C /* Pods_KTCodeTextView_KTCodeTextViewUITests.framework */; };
		687936BD242824F100159C4F /* AppDelegate.swift in Sources */ = {isa = PBXBuildFile; fileRef = 687936BC242824F100159C4F /* AppDelegate.swift */; };
		687936BF242824F100159C4F /* SceneDelegate.swift in Sources */ = {isa = PBXBuildFile; fileRef = 687936BE242824F100159C4F /* SceneDelegate.swift */; };
		687936C1242824F100159C4F /* ViewController.swift in Sources */ = {isa = PBXBuildFile; fileRef = 687936C0242824F100159C4F /* ViewController.swift */; };
		687936C4242824F100159C4F /* Main.storyboard in Resources */ = {isa = PBXBuildFile; fileRef = 687936C2242824F100159C4F /* Main.storyboard */; };
		687936C7242824F100159C4F /* CodeTextField.xcdatamodeld in Sources */ = {isa = PBXBuildFile; fileRef = 687936C5242824F100159C4F /* CodeTextField.xcdatamodeld */; };
		687936C9242824F300159C4F /* Assets.xcassets in Resources */ = {isa = PBXBuildFile; fileRef = 687936C8242824F300159C4F /* Assets.xcassets */; };
		687936CC242824F300159C4F /* LaunchScreen.storyboard in Resources */ = {isa = PBXBuildFile; fileRef = 687936CA242824F300159C4F /* LaunchScreen.storyboard */; };
		687936D7242824F400159C4F /* KTCodeTextViewTests.swift in Sources */ = {isa = PBXBuildFile; fileRef = 687936D6242824F400159C4F /* KTCodeTextViewTests.swift */; };
		687936E2242824F400159C4F /* KTCodeTextViewUITests.swift in Sources */ = {isa = PBXBuildFile; fileRef = 687936E1242824F400159C4F /* KTCodeTextViewUITests.swift */; };
		687936F02428254E00159C4F /* KTCodeTextView.swift in Sources */ = {isa = PBXBuildFile; fileRef = 687936EF2428254E00159C4F /* KTCodeTextView.swift */; };
		E0E52C0C0409F1DCC90E7A72 /* Pods_KTCodeTextViewTests.framework in Frameworks */ = {isa = PBXBuildFile; fileRef = 6EE07462B4243A6908824B2D /* Pods_KTCodeTextViewTests.framework */; };
/* End PBXBuildFile section */

/* Begin PBXContainerItemProxy section */
		687936D3242824F400159C4F /* PBXContainerItemProxy */ = {
			isa = PBXContainerItemProxy;
			containerPortal = 687936B1242824F100159C4F /* Project object */;
			proxyType = 1;
			remoteGlobalIDString = 687936B8242824F100159C4F;
			remoteInfo = CodeTextField;
		};
		687936DE242824F400159C4F /* PBXContainerItemProxy */ = {
			isa = PBXContainerItemProxy;
			containerPortal = 687936B1242824F100159C4F /* Project object */;
			proxyType = 1;
			remoteGlobalIDString = 687936B8242824F100159C4F;
			remoteInfo = CodeTextField;
		};
/* End PBXContainerItemProxy section */

/* Begin PBXFileReference section */
		1ECE25AC2960445CEB79AB89 /* Pods-KTCodeTextView-KTCodeTextViewUITests.debug.xcconfig */ = {isa = PBXFileReference; includeInIndex = 1; lastKnownFileType = text.xcconfig; name = "Pods-KTCodeTextView-KTCodeTextViewUITests.debug.xcconfig"; path = "Target Support Files/Pods-KTCodeTextView-KTCodeTextViewUITests/Pods-KTCodeTextView-KTCodeTextViewUITests.debug.xcconfig"; sourceTree = "<group>"; };
		31F5B2301D85A7DA944ECB1E /* Pods-KTCodeTextView.release.xcconfig */ = {isa = PBXFileReference; includeInIndex = 1; lastKnownFileType = text.xcconfig; name = "Pods-KTCodeTextView.release.xcconfig"; path = "Target Support Files/Pods-KTCodeTextView/Pods-KTCodeTextView.release.xcconfig"; sourceTree = "<group>"; };
		4365ECBD6872B60FFF2C9B95 /* Pods-KTCodeTextViewTests.release.xcconfig */ = {isa = PBXFileReference; includeInIndex = 1; lastKnownFileType = text.xcconfig; name = "Pods-KTCodeTextViewTests.release.xcconfig"; path = "Target Support Files/Pods-KTCodeTextViewTests/Pods-KTCodeTextViewTests.release.xcconfig"; sourceTree = "<group>"; };
		44FC76DAE8A63CA84452508A /* Pods-KTCodeTextViewTests.debug.xcconfig */ = {isa = PBXFileReference; includeInIndex = 1; lastKnownFileType = text.xcconfig; name = "Pods-KTCodeTextViewTests.debug.xcconfig"; path = "Target Support Files/Pods-KTCodeTextViewTests/Pods-KTCodeTextViewTests.debug.xcconfig"; sourceTree = "<group>"; };
		566FE9D3A9ABE4241A6F8A83 /* Pods_KTCodeTextView.framework */ = {isa = PBXFileReference; explicitFileType = wrapper.framework; includeInIndex = 0; path = Pods_KTCodeTextView.framework; sourceTree = BUILT_PRODUCTS_DIR; };
		687936B9242824F100159C4F /* KTCodeTextView.app */ = {isa = PBXFileReference; explicitFileType = wrapper.application; includeInIndex = 0; path = KTCodeTextView.app; sourceTree = BUILT_PRODUCTS_DIR; };
		687936BC242824F100159C4F /* AppDelegate.swift */ = {isa = PBXFileReference; lastKnownFileType = sourcecode.swift; path = AppDelegate.swift; sourceTree = "<group>"; };
		687936BE242824F100159C4F /* SceneDelegate.swift */ = {isa = PBXFileReference; lastKnownFileType = sourcecode.swift; path = SceneDelegate.swift; sourceTree = "<group>"; };
		687936C0242824F100159C4F /* ViewController.swift */ = {isa = PBXFileReference; lastKnownFileType = sourcecode.swift; path = ViewController.swift; sourceTree = "<group>"; };
		687936C3242824F100159C4F /* Base */ = {isa = PBXFileReference; lastKnownFileType = file.storyboard; name = Base; path = Base.lproj/Main.storyboard; sourceTree = "<group>"; };
		687936C6242824F100159C4F /* CodeTextField.xcdatamodel */ = {isa = PBXFileReference; lastKnownFileType = wrapper.xcdatamodel; path = CodeTextField.xcdatamodel; sourceTree = "<group>"; };
		687936C8242824F300159C4F /* Assets.xcassets */ = {isa = PBXFileReference; lastKnownFileType = folder.assetcatalog; path = Assets.xcassets; sourceTree = "<group>"; };
		687936CB242824F300159C4F /* Base */ = {isa = PBXFileReference; lastKnownFileType = file.storyboard; name = Base; path = Base.lproj/LaunchScreen.storyboard; sourceTree = "<group>"; };
		687936CD242824F300159C4F /* Info.plist */ = {isa = PBXFileReference; lastKnownFileType = text.plist.xml; path = Info.plist; sourceTree = "<group>"; };
		687936D2242824F400159C4F /* KTCodeTextViewTests.xctest */ = {isa = PBXFileReference; explicitFileType = wrapper.cfbundle; includeInIndex = 0; path = KTCodeTextViewTests.xctest; sourceTree = BUILT_PRODUCTS_DIR; };
		687936D6242824F400159C4F /* KTCodeTextViewTests.swift */ = {isa = PBXFileReference; lastKnownFileType = sourcecode.swift; path = KTCodeTextViewTests.swift; sourceTree = "<group>"; };
		687936D8242824F400159C4F /* Info.plist */ = {isa = PBXFileReference; lastKnownFileType = text.plist.xml; path = Info.plist; sourceTree = "<group>"; };
		687936DD242824F400159C4F /* KTCodeTextViewUITests.xctest */ = {isa = PBXFileReference; explicitFileType = wrapper.cfbundle; includeInIndex = 0; path = KTCodeTextViewUITests.xctest; sourceTree = BUILT_PRODUCTS_DIR; };
		687936E1242824F400159C4F /* KTCodeTextViewUITests.swift */ = {isa = PBXFileReference; lastKnownFileType = sourcecode.swift; path = KTCodeTextViewUITests.swift; sourceTree = "<group>"; };
		687936E3242824F400159C4F /* Info.plist */ = {isa = PBXFileReference; lastKnownFileType = text.plist.xml; path = Info.plist; sourceTree = "<group>"; };
		687936EF2428254E00159C4F /* KTCodeTextView.swift */ = {isa = PBXFileReference; lastKnownFileType = sourcecode.swift; path = KTCodeTextView.swift; sourceTree = "<group>"; };
		6EE07462B4243A6908824B2D /* Pods_KTCodeTextViewTests.framework */ = {isa = PBXFileReference; explicitFileType = wrapper.framework; includeInIndex = 0; path = Pods_KTCodeTextViewTests.framework; sourceTree = BUILT_PRODUCTS_DIR; };
		A891DC8219F8070D5DBC494D /* Pods-KTCodeTextView-KTCodeTextViewUITests.release.xcconfig */ = {isa = PBXFileReference; includeInIndex = 1; lastKnownFileType = text.xcconfig; name = "Pods-KTCodeTextView-KTCodeTextViewUITests.release.xcconfig"; path = "Target Support Files/Pods-KTCodeTextView-KTCodeTextViewUITests/Pods-KTCodeTextView-KTCodeTextViewUITests.release.xcconfig"; sourceTree = "<group>"; };
		BC04BC1BA4336109F1EC4B4E /* Pods-KTCodeTextView.debug.xcconfig */ = {isa = PBXFileReference; includeInIndex = 1; lastKnownFileType = text.xcconfig; name = "Pods-KTCodeTextView.debug.xcconfig"; path = "Target Support Files/Pods-KTCodeTextView/Pods-KTCodeTextView.debug.xcconfig"; sourceTree = "<group>"; };
		D0C30CAAB6BE457F4539402C /* Pods_KTCodeTextView_KTCodeTextViewUITests.framework */ = {isa = PBXFileReference; explicitFileType = wrapper.framework; includeInIndex = 0; path = Pods_KTCodeTextView_KTCodeTextViewUITests.framework; sourceTree = BUILT_PRODUCTS_DIR; };
/* End PBXFileReference section */

/* Begin PBXFrameworksBuildPhase section */
		687936B6242824F100159C4F /* Frameworks */ = {
			isa = PBXFrameworksBuildPhase;
			buildActionMask = 2147483647;
			files = (
				50BB3D9E8409A7D51CEB8E17 /* Pods_KTCodeTextView.framework in Frameworks */,
			);
			runOnlyForDeploymentPostprocessing = 0;
		};
		687936CF242824F400159C4F /* Frameworks */ = {
			isa = PBXFrameworksBuildPhase;
			buildActionMask = 2147483647;
			files = (
				E0E52C0C0409F1DCC90E7A72 /* Pods_KTCodeTextViewTests.framework in Frameworks */,
			);
			runOnlyForDeploymentPostprocessing = 0;
		};
		687936DA242824F400159C4F /* Frameworks */ = {
			isa = PBXFrameworksBuildPhase;
			buildActionMask = 2147483647;
			files = (
				685BFD2609EE6E7753D506DA /* Pods_KTCodeTextView_KTCodeTextViewUITests.framework in Frameworks */,
			);
			runOnlyForDeploymentPostprocessing = 0;
		};
/* End PBXFrameworksBuildPhase section */

/* Begin PBXGroup section */
		668C229C7BA330705418251F /* Frameworks */ = {
			isa = PBXGroup;
			children = (
				566FE9D3A9ABE4241A6F8A83 /* Pods_KTCodeTextView.framework */,
				D0C30CAAB6BE457F4539402C /* Pods_KTCodeTextView_KTCodeTextViewUITests.framework */,
				6EE07462B4243A6908824B2D /* Pods_KTCodeTextViewTests.framework */,
			);
			name = Frameworks;
			sourceTree = "<group>";
		};
		687936B0242824F100159C4F = {
			isa = PBXGroup;
			children = (
				687936BB242824F100159C4F /* KTCodeTextView */,
				687936D5242824F400159C4F /* KTCodeTextViewTests */,
				687936E0242824F400159C4F /* KTCodeTextViewUITests */,
				687936BA242824F100159C4F /* Products */,
				C45913A6682F160214C012C9 /* Pods */,
				668C229C7BA330705418251F /* Frameworks */,
			);
			sourceTree = "<group>";
		};
		687936BA242824F100159C4F /* Products */ = {
			isa = PBXGroup;
			children = (
				687936B9242824F100159C4F /* KTCodeTextView.app */,
				687936D2242824F400159C4F /* KTCodeTextViewTests.xctest */,
				687936DD242824F400159C4F /* KTCodeTextViewUITests.xctest */,
			);
			name = Products;
			sourceTree = "<group>";
		};
		687936BB242824F100159C4F /* KTCodeTextView */ = {
			isa = PBXGroup;
			children = (
				687936BC242824F100159C4F /* AppDelegate.swift */,
				687936BE242824F100159C4F /* SceneDelegate.swift */,
				687936C0242824F100159C4F /* ViewController.swift */,
				687936EF2428254E00159C4F /* KTCodeTextView.swift */,
				687936C2242824F100159C4F /* Main.storyboard */,
				687936C8242824F300159C4F /* Assets.xcassets */,
				687936CA242824F300159C4F /* LaunchScreen.storyboard */,
				687936CD242824F300159C4F /* Info.plist */,
				687936C5242824F100159C4F /* CodeTextField.xcdatamodeld */,
			);
			path = KTCodeTextView;
			sourceTree = "<group>";
		};
		687936D5242824F400159C4F /* KTCodeTextViewTests */ = {
			isa = PBXGroup;
			children = (
				687936D6242824F400159C4F /* KTCodeTextViewTests.swift */,
				687936D8242824F400159C4F /* Info.plist */,
			);
			path = KTCodeTextViewTests;
			sourceTree = "<group>";
		};
		687936E0242824F400159C4F /* KTCodeTextViewUITests */ = {
			isa = PBXGroup;
			children = (
				687936E1242824F400159C4F /* KTCodeTextViewUITests.swift */,
				687936E3242824F400159C4F /* Info.plist */,
			);
			path = KTCodeTextViewUITests;
			sourceTree = "<group>";
		};
		C45913A6682F160214C012C9 /* Pods */ = {
			isa = PBXGroup;
			children = (
				BC04BC1BA4336109F1EC4B4E /* Pods-KTCodeTextView.debug.xcconfig */,
				31F5B2301D85A7DA944ECB1E /* Pods-KTCodeTextView.release.xcconfig */,
				1ECE25AC2960445CEB79AB89 /* Pods-KTCodeTextView-KTCodeTextViewUITests.debug.xcconfig */,
				A891DC8219F8070D5DBC494D /* Pods-KTCodeTextView-KTCodeTextViewUITests.release.xcconfig */,
				44FC76DAE8A63CA84452508A /* Pods-KTCodeTextViewTests.debug.xcconfig */,
				4365ECBD6872B60FFF2C9B95 /* Pods-KTCodeTextViewTests.release.xcconfig */,
			);
			path = Pods;
			sourceTree = "<group>";
		};
/* End PBXGroup section */

/* Begin PBXNativeTarget section */
		687936B8242824F100159C4F /* KTCodeTextView */ = {
			isa = PBXNativeTarget;
			buildConfigurationList = 687936E6242824F400159C4F /* Build configuration list for PBXNativeTarget "KTCodeTextView" */;
			buildPhases = (
				D95BA6CF13C631176DEADC14 /* [CP] Check Pods Manifest.lock */,
				687936B5242824F100159C4F /* Sources */,
				687936B6242824F100159C4F /* Frameworks */,
				687936B7242824F100159C4F /* Resources */,
				264802805CAD353175EAE0AD /* [CP] Embed Pods Frameworks */,
			);
			buildRules = (
			);
			dependencies = (
			);
			name = KTCodeTextView;
			productName = CodeTextField;
			productReference = 687936B9242824F100159C4F /* KTCodeTextView.app */;
			productType = "com.apple.product-type.application";
		};
		687936D1242824F400159C4F /* KTCodeTextViewTests */ = {
			isa = PBXNativeTarget;
			buildConfigurationList = 687936E9242824F400159C4F /* Build configuration list for PBXNativeTarget "KTCodeTextViewTests" */;
			buildPhases = (
				53A073FDDB1E26762CB7305C /* [CP] Check Pods Manifest.lock */,
				687936CE242824F400159C4F /* Sources */,
				687936CF242824F400159C4F /* Frameworks */,
				687936D0242824F400159C4F /* Resources */,
			);
			buildRules = (
			);
			dependencies = (
				687936D4242824F400159C4F /* PBXTargetDependency */,
			);
			name = KTCodeTextViewTests;
			productName = CodeTextFieldTests;
			productReference = 687936D2242824F400159C4F /* KTCodeTextViewTests.xctest */;
			productType = "com.apple.product-type.bundle.unit-test";
		};
		687936DC242824F400159C4F /* KTCodeTextViewUITests */ = {
			isa = PBXNativeTarget;
			buildConfigurationList = 687936EC242824F400159C4F /* Build configuration list for PBXNativeTarget "KTCodeTextViewUITests" */;
			buildPhases = (
				32F8403FC4F92143366856C2 /* [CP] Check Pods Manifest.lock */,
				687936D9242824F400159C4F /* Sources */,
				687936DA242824F400159C4F /* Frameworks */,
				687936DB242824F400159C4F /* Resources */,
				7EF156B69F0940D6173360C4 /* [CP] Embed Pods Frameworks */,
			);
			buildRules = (
			);
			dependencies = (
				687936DF242824F400159C4F /* PBXTargetDependency */,
			);
			name = KTCodeTextViewUITests;
			productName = CodeTextFieldUITests;
			productReference = 687936DD242824F400159C4F /* KTCodeTextViewUITests.xctest */;
			productType = "com.apple.product-type.bundle.ui-testing";
		};
/* End PBXNativeTarget section */

/* Begin PBXProject section */
		687936B1242824F100159C4F /* Project object */ = {
			isa = PBXProject;
			attributes = {
				LastSwiftUpdateCheck = 1130;
				LastUpgradeCheck = 1130;
				ORGANIZATIONNAME = "Kevin Turner";
				TargetAttributes = {
					687936B8242824F100159C4F = {
						CreatedOnToolsVersion = 11.3.1;
					};
					687936D1242824F400159C4F = {
						CreatedOnToolsVersion = 11.3.1;
						TestTargetID = 687936B8242824F100159C4F;
					};
					687936DC242824F400159C4F = {
						CreatedOnToolsVersion = 11.3.1;
						TestTargetID = 687936B8242824F100159C4F;
					};
				};
			};
			buildConfigurationList = 687936B4242824F100159C4F /* Build configuration list for PBXProject "KTCodeTextView" */;
			compatibilityVersion = "Xcode 9.3";
			developmentRegion = en;
			hasScannedForEncodings = 0;
			knownRegions = (
				en,
				Base,
			);
			mainGroup = 687936B0242824F100159C4F;
			productRefGroup = 687936BA242824F100159C4F /* Products */;
			projectDirPath = "";
			projectRoot = "";
			targets = (
				687936B8242824F100159C4F /* KTCodeTextView */,
				687936D1242824F400159C4F /* KTCodeTextViewTests */,
				687936DC242824F400159C4F /* KTCodeTextViewUITests */,
			);
		};
/* End PBXProject section */

/* Begin PBXResourcesBuildPhase section */
		687936B7242824F100159C4F /* Resources */ = {
			isa = PBXResourcesBuildPhase;
			buildActionMask = 2147483647;
			files = (
				687936CC242824F300159C4F /* LaunchScreen.storyboard in Resources */,
				687936C9242824F300159C4F /* Assets.xcassets in Resources */,
				687936C4242824F100159C4F /* Main.storyboard in Resources */,
			);
			runOnlyForDeploymentPostprocessing = 0;
		};
		687936D0242824F400159C4F /* Resources */ = {
			isa = PBXResourcesBuildPhase;
			buildActionMask = 2147483647;
			files = (
			);
			runOnlyForDeploymentPostprocessing = 0;
		};
		687936DB242824F400159C4F /* Resources */ = {
			isa = PBXResourcesBuildPhase;
			buildActionMask = 2147483647;
			files = (
			);
			runOnlyForDeploymentPostprocessing = 0;
		};
/* End PBXResourcesBuildPhase section */

/* Begin PBXShellScriptBuildPhase section */
		264802805CAD353175EAE0AD /* [CP] Embed Pods Frameworks */ = {
			isa = PBXShellScriptBuildPhase;
			buildActionMask = 2147483647;
			files = (
			);
			inputFileListPaths = (
				"${PODS_ROOT}/Target Support Files/Pods-KTCodeTextView/Pods-KTCodeTextView-frameworks-${CONFIGURATION}-input-files.xcfilelist",
			);
			name = "[CP] Embed Pods Frameworks";
			outputFileListPaths = (
				"${PODS_ROOT}/Target Support Files/Pods-KTCodeTextView/Pods-KTCodeTextView-frameworks-${CONFIGURATION}-output-files.xcfilelist",
			);
			runOnlyForDeploymentPostprocessing = 0;
			shellPath = /bin/sh;
			shellScript = "\"${PODS_ROOT}/Target Support Files/Pods-KTCodeTextView/Pods-KTCodeTextView-frameworks.sh\"\n";
			showEnvVarsInLog = 0;
		};
		32F8403FC4F92143366856C2 /* [CP] Check Pods Manifest.lock */ = {
			isa = PBXShellScriptBuildPhase;
			buildActionMask = 2147483647;
			files = (
			);
			inputFileListPaths = (
			);
			inputPaths = (
				"${PODS_PODFILE_DIR_PATH}/Podfile.lock",
				"${PODS_ROOT}/Manifest.lock",
			);
			name = "[CP] Check Pods Manifest.lock";
			outputFileListPaths = (
			);
			outputPaths = (
				"$(DERIVED_FILE_DIR)/Pods-KTCodeTextView-KTCodeTextViewUITests-checkManifestLockResult.txt",
			);
			runOnlyForDeploymentPostprocessing = 0;
			shellPath = /bin/sh;
			shellScript = "diff \"${PODS_PODFILE_DIR_PATH}/Podfile.lock\" \"${PODS_ROOT}/Manifest.lock\" > /dev/null\nif [ $? != 0 ] ; then\n    # print error to STDERR\n    echo \"error: The sandbox is not in sync with the Podfile.lock. Run 'pod install' or update your CocoaPods installation.\" >&2\n    exit 1\nfi\n# This output is used by Xcode 'outputs' to avoid re-running this script phase.\necho \"SUCCESS\" > \"${SCRIPT_OUTPUT_FILE_0}\"\n";
			showEnvVarsInLog = 0;
		};
		53A073FDDB1E26762CB7305C /* [CP] Check Pods Manifest.lock */ = {
			isa = PBXShellScriptBuildPhase;
			buildActionMask = 2147483647;
			files = (
			);
			inputFileListPaths = (
			);
			inputPaths = (
				"${PODS_PODFILE_DIR_PATH}/Podfile.lock",
				"${PODS_ROOT}/Manifest.lock",
			);
			name = "[CP] Check Pods Manifest.lock";
			outputFileListPaths = (
			);
			outputPaths = (
				"$(DERIVED_FILE_DIR)/Pods-KTCodeTextViewTests-checkManifestLockResult.txt",
			);
			runOnlyForDeploymentPostprocessing = 0;
			shellPath = /bin/sh;
			shellScript = "diff \"${PODS_PODFILE_DIR_PATH}/Podfile.lock\" \"${PODS_ROOT}/Manifest.lock\" > /dev/null\nif [ $? != 0 ] ; then\n    # print error to STDERR\n    echo \"error: The sandbox is not in sync with the Podfile.lock. Run 'pod install' or update your CocoaPods installation.\" >&2\n    exit 1\nfi\n# This output is used by Xcode 'outputs' to avoid re-running this script phase.\necho \"SUCCESS\" > \"${SCRIPT_OUTPUT_FILE_0}\"\n";
			showEnvVarsInLog = 0;
		};
		7EF156B69F0940D6173360C4 /* [CP] Embed Pods Frameworks */ = {
			isa = PBXShellScriptBuildPhase;
			buildActionMask = 2147483647;
			files = (
			);
			inputFileListPaths = (
				"${PODS_ROOT}/Target Support Files/Pods-KTCodeTextView-KTCodeTextViewUITests/Pods-KTCodeTextView-KTCodeTextViewUITests-frameworks-${CONFIGURATION}-input-files.xcfilelist",
			);
			name = "[CP] Embed Pods Frameworks";
			outputFileListPaths = (
				"${PODS_ROOT}/Target Support Files/Pods-KTCodeTextView-KTCodeTextViewUITests/Pods-KTCodeTextView-KTCodeTextViewUITests-frameworks-${CONFIGURATION}-output-files.xcfilelist",
			);
			runOnlyForDeploymentPostprocessing = 0;
			shellPath = /bin/sh;
			shellScript = "\"${PODS_ROOT}/Target Support Files/Pods-KTCodeTextView-KTCodeTextViewUITests/Pods-KTCodeTextView-KTCodeTextViewUITests-frameworks.sh\"\n";
			showEnvVarsInLog = 0;
		};
		D95BA6CF13C631176DEADC14 /* [CP] Check Pods Manifest.lock */ = {
			isa = PBXShellScriptBuildPhase;
			buildActionMask = 2147483647;
			files = (
			);
			inputFileListPaths = (
			);
			inputPaths = (
				"${PODS_PODFILE_DIR_PATH}/Podfile.lock",
				"${PODS_ROOT}/Manifest.lock",
			);
			name = "[CP] Check Pods Manifest.lock";
			outputFileListPaths = (
			);
			outputPaths = (
				"$(DERIVED_FILE_DIR)/Pods-KTCodeTextView-checkManifestLockResult.txt",
			);
			runOnlyForDeploymentPostprocessing = 0;
			shellPath = /bin/sh;
			shellScript = "diff \"${PODS_PODFILE_DIR_PATH}/Podfile.lock\" \"${PODS_ROOT}/Manifest.lock\" > /dev/null\nif [ $? != 0 ] ; then\n    # print error to STDERR\n    echo \"error: The sandbox is not in sync with the Podfile.lock. Run 'pod install' or update your CocoaPods installation.\" >&2\n    exit 1\nfi\n# This output is used by Xcode 'outputs' to avoid re-running this script phase.\necho \"SUCCESS\" > \"${SCRIPT_OUTPUT_FILE_0}\"\n";
			showEnvVarsInLog = 0;
		};
/* End PBXShellScriptBuildPhase section */

/* Begin PBXSourcesBuildPhase section */
		687936B5242824F100159C4F /* Sources */ = {
			isa = PBXSourcesBuildPhase;
			buildActionMask = 2147483647;
			files = (
				687936C1242824F100159C4F /* ViewController.swift in Sources */,
				687936BD242824F100159C4F /* AppDelegate.swift in Sources */,
				687936C7242824F100159C4F /* CodeTextField.xcdatamodeld in Sources */,
				687936BF242824F100159C4F /* SceneDelegate.swift in Sources */,
				687936F02428254E00159C4F /* KTCodeTextView.swift in Sources */,
			);
			runOnlyForDeploymentPostprocessing = 0;
		};
		687936CE242824F400159C4F /* Sources */ = {
			isa = PBXSourcesBuildPhase;
			buildActionMask = 2147483647;
			files = (
				687936D7242824F400159C4F /* KTCodeTextViewTests.swift in Sources */,
			);
			runOnlyForDeploymentPostprocessing = 0;
		};
		687936D9242824F400159C4F /* Sources */ = {
			isa = PBXSourcesBuildPhase;
			buildActionMask = 2147483647;
			files = (
				687936E2242824F400159C4F /* KTCodeTextViewUITests.swift in Sources */,
			);
			runOnlyForDeploymentPostprocessing = 0;
		};
/* End PBXSourcesBuildPhase section */

/* Begin PBXTargetDependency section */
		687936D4242824F400159C4F /* PBXTargetDependency */ = {
			isa = PBXTargetDependency;
			target = 687936B8242824F100159C4F /* KTCodeTextView */;
			targetProxy = 687936D3242824F400159C4F /* PBXContainerItemProxy */;
		};
		687936DF242824F400159C4F /* PBXTargetDependency */ = {
			isa = PBXTargetDependency;
			target = 687936B8242824F100159C4F /* KTCodeTextView */;
			targetProxy = 687936DE242824F400159C4F /* PBXContainerItemProxy */;
		};
/* End PBXTargetDependency section */

/* Begin PBXVariantGroup section */
		687936C2242824F100159C4F /* Main.storyboard */ = {
			isa = PBXVariantGroup;
			children = (
				687936C3242824F100159C4F /* Base */,
			);
			name = Main.storyboard;
			sourceTree = "<group>";
		};
		687936CA242824F300159C4F /* LaunchScreen.storyboard */ = {
			isa = PBXVariantGroup;
			children = (
				687936CB242824F300159C4F /* Base */,
			);
			name = LaunchScreen.storyboard;
			sourceTree = "<group>";
		};
/* End PBXVariantGroup section */

/* Begin XCBuildConfiguration section */
		687936E4242824F400159C4F /* Debug */ = {
			isa = XCBuildConfiguration;
			buildSettings = {
				ALWAYS_SEARCH_USER_PATHS = NO;
				CLANG_ANALYZER_NONNULL = YES;
				CLANG_ANALYZER_NUMBER_OBJECT_CONVERSION = YES_AGGRESSIVE;
				CLANG_CXX_LANGUAGE_STANDARD = "gnu++14";
				CLANG_CXX_LIBRARY = "libc++";
				CLANG_ENABLE_MODULES = YES;
				CLANG_ENABLE_OBJC_ARC = YES;
				CLANG_ENABLE_OBJC_WEAK = YES;
				CLANG_WARN_BLOCK_CAPTURE_AUTORELEASING = YES;
				CLANG_WARN_BOOL_CONVERSION = YES;
				CLANG_WARN_COMMA = YES;
				CLANG_WARN_CONSTANT_CONVERSION = YES;
				CLANG_WARN_DEPRECATED_OBJC_IMPLEMENTATIONS = YES;
				CLANG_WARN_DIRECT_OBJC_ISA_USAGE = YES_ERROR;
				CLANG_WARN_DOCUMENTATION_COMMENTS = YES;
				CLANG_WARN_EMPTY_BODY = YES;
				CLANG_WARN_ENUM_CONVERSION = YES;
				CLANG_WARN_INFINITE_RECURSION = YES;
				CLANG_WARN_INT_CONVERSION = YES;
				CLANG_WARN_NON_LITERAL_NULL_CONVERSION = YES;
				CLANG_WARN_OBJC_IMPLICIT_RETAIN_SELF = YES;
				CLANG_WARN_OBJC_LITERAL_CONVERSION = YES;
				CLANG_WARN_OBJC_ROOT_CLASS = YES_ERROR;
				CLANG_WARN_RANGE_LOOP_ANALYSIS = YES;
				CLANG_WARN_STRICT_PROTOTYPES = YES;
				CLANG_WARN_SUSPICIOUS_MOVE = YES;
				CLANG_WARN_UNGUARDED_AVAILABILITY = YES_AGGRESSIVE;
				CLANG_WARN_UNREACHABLE_CODE = YES;
				CLANG_WARN__DUPLICATE_METHOD_MATCH = YES;
				COPY_PHASE_STRIP = NO;
				DEBUG_INFORMATION_FORMAT = dwarf;
				ENABLE_STRICT_OBJC_MSGSEND = YES;
				ENABLE_TESTABILITY = YES;
				GCC_C_LANGUAGE_STANDARD = gnu11;
				GCC_DYNAMIC_NO_PIC = NO;
				GCC_NO_COMMON_BLOCKS = YES;
				GCC_OPTIMIZATION_LEVEL = 0;
				GCC_PREPROCESSOR_DEFINITIONS = (
					"DEBUG=1",
					"$(inherited)",
				);
				GCC_WARN_64_TO_32_BIT_CONVERSION = YES;
				GCC_WARN_ABOUT_RETURN_TYPE = YES_ERROR;
				GCC_WARN_UNDECLARED_SELECTOR = YES;
				GCC_WARN_UNINITIALIZED_AUTOS = YES_AGGRESSIVE;
				GCC_WARN_UNUSED_FUNCTION = YES;
				GCC_WARN_UNUSED_VARIABLE = YES;
				IPHONEOS_DEPLOYMENT_TARGET = 13.2;
				MTL_ENABLE_DEBUG_INFO = INCLUDE_SOURCE;
				MTL_FAST_MATH = YES;
				ONLY_ACTIVE_ARCH = YES;
				SDKROOT = iphoneos;
				SWIFT_ACTIVE_COMPILATION_CONDITIONS = DEBUG;
				SWIFT_OPTIMIZATION_LEVEL = "-Onone";
			};
			name = Debug;
		};
		687936E5242824F400159C4F /* Release */ = {
			isa = XCBuildConfiguration;
			buildSettings = {
				ALWAYS_SEARCH_USER_PATHS = NO;
				CLANG_ANALYZER_NONNULL = YES;
				CLANG_ANALYZER_NUMBER_OBJECT_CONVERSION = YES_AGGRESSIVE;
				CLANG_CXX_LANGUAGE_STANDARD = "gnu++14";
				CLANG_CXX_LIBRARY = "libc++";
				CLANG_ENABLE_MODULES = YES;
				CLANG_ENABLE_OBJC_ARC = YES;
				CLANG_ENABLE_OBJC_WEAK = YES;
				CLANG_WARN_BLOCK_CAPTURE_AUTORELEASING = YES;
				CLANG_WARN_BOOL_CONVERSION = YES;
				CLANG_WARN_COMMA = YES;
				CLANG_WARN_CONSTANT_CONVERSION = YES;
				CLANG_WARN_DEPRECATED_OBJC_IMPLEMENTATIONS = YES;
				CLANG_WARN_DIRECT_OBJC_ISA_USAGE = YES_ERROR;
				CLANG_WARN_DOCUMENTATION_COMMENTS = YES;
				CLANG_WARN_EMPTY_BODY = YES;
				CLANG_WARN_ENUM_CONVERSION = YES;
				CLANG_WARN_INFINITE_RECURSION = YES;
				CLANG_WARN_INT_CONVERSION = YES;
				CLANG_WARN_NON_LITERAL_NULL_CONVERSION = YES;
				CLANG_WARN_OBJC_IMPLICIT_RETAIN_SELF = YES;
				CLANG_WARN_OBJC_LITERAL_CONVERSION = YES;
				CLANG_WARN_OBJC_ROOT_CLASS = YES_ERROR;
				CLANG_WARN_RANGE_LOOP_ANALYSIS = YES;
				CLANG_WARN_STRICT_PROTOTYPES = YES;
				CLANG_WARN_SUSPICIOUS_MOVE = YES;
				CLANG_WARN_UNGUARDED_AVAILABILITY = YES_AGGRESSIVE;
				CLANG_WARN_UNREACHABLE_CODE = YES;
				CLANG_WARN__DUPLICATE_METHOD_MATCH = YES;
				COPY_PHASE_STRIP = NO;
				DEBUG_INFORMATION_FORMAT = "dwarf-with-dsym";
				ENABLE_NS_ASSERTIONS = NO;
				ENABLE_STRICT_OBJC_MSGSEND = YES;
				GCC_C_LANGUAGE_STANDARD = gnu11;
				GCC_NO_COMMON_BLOCKS = YES;
				GCC_WARN_64_TO_32_BIT_CONVERSION = YES;
				GCC_WARN_ABOUT_RETURN_TYPE = YES_ERROR;
				GCC_WARN_UNDECLARED_SELECTOR = YES;
				GCC_WARN_UNINITIALIZED_AUTOS = YES_AGGRESSIVE;
				GCC_WARN_UNUSED_FUNCTION = YES;
				GCC_WARN_UNUSED_VARIABLE = YES;
				IPHONEOS_DEPLOYMENT_TARGET = 13.2;
				MTL_ENABLE_DEBUG_INFO = NO;
				MTL_FAST_MATH = YES;
				SDKROOT = iphoneos;
				SWIFT_COMPILATION_MODE = wholemodule;
				SWIFT_OPTIMIZATION_LEVEL = "-O";
				VALIDATE_PRODUCT = YES;
			};
			name = Release;
		};
		687936E7242824F400159C4F /* Debug */ = {
			isa = XCBuildConfiguration;
			baseConfigurationReference = BC04BC1BA4336109F1EC4B4E /* Pods-KTCodeTextView.debug.xcconfig */;
			buildSettings = {
				ASSETCATALOG_COMPILER_APPICON_NAME = AppIcon;
				CODE_SIGN_STYLE = Automatic;
				DEVELOPMENT_TEAM = TL5T75PGX2;
				INFOPLIST_FILE = KTCodeTextView/Info.plist;
				LD_RUNPATH_SEARCH_PATHS = (
					"$(inherited)",
					"@executable_path/Frameworks",
				);
				PRODUCT_BUNDLE_IDENTIFIER = com.kevinturner.CodeTextField;
				PRODUCT_NAME = "$(TARGET_NAME)";
				SWIFT_VERSION = 5.0;
				TARGETED_DEVICE_FAMILY = 2;
			};
			name = Debug;
		};
		687936E8242824F400159C4F /* Release */ = {
			isa = XCBuildConfiguration;
			baseConfigurationReference = 31F5B2301D85A7DA944ECB1E /* Pods-KTCodeTextView.release.xcconfig */;
			buildSettings = {
				ASSETCATALOG_COMPILER_APPICON_NAME = AppIcon;
				CODE_SIGN_STYLE = Automatic;
				DEVELOPMENT_TEAM = TL5T75PGX2;
				INFOPLIST_FILE = KTCodeTextView/Info.plist;
				LD_RUNPATH_SEARCH_PATHS = (
					"$(inherited)",
					"@executable_path/Frameworks",
				);
				PRODUCT_BUNDLE_IDENTIFIER = com.kevinturner.CodeTextField;
				PRODUCT_NAME = "$(TARGET_NAME)";
				SWIFT_VERSION = 5.0;
				TARGETED_DEVICE_FAMILY = 2;
			};
			name = Release;
		};
		687936EA242824F400159C4F /* Debug */ = {
			isa = XCBuildConfiguration;
			baseConfigurationReference = 44FC76DAE8A63CA84452508A /* Pods-KTCodeTextViewTests.debug.xcconfig */;
			buildSettings = {
				ALWAYS_EMBED_SWIFT_STANDARD_LIBRARIES = YES;
				BUNDLE_LOADER = "$(TEST_HOST)";
				CODE_SIGN_STYLE = Automatic;
				DEVELOPMENT_TEAM = TL5T75PGX2;
				INFOPLIST_FILE = CodeTextFieldTests/Info.plist;
				IPHONEOS_DEPLOYMENT_TARGET = 13.2;
				LD_RUNPATH_SEARCH_PATHS = (
					"$(inherited)",
					"@executable_path/Frameworks",
					"@loader_path/Frameworks",
				);
				PRODUCT_BUNDLE_IDENTIFIER = com.kevinturner.CodeTextFieldTests;
				PRODUCT_NAME = "$(TARGET_NAME)";
				SWIFT_VERSION = 5.0;
				TARGETED_DEVICE_FAMILY = "1,2";
				TEST_HOST = "$(BUILT_PRODUCTS_DIR)/KTCodeTextView.app/KTCodeTextView";
			};
			name = Debug;
		};
		687936EB242824F400159C4F /* Release */ = {
			isa = XCBuildConfiguration;
			baseConfigurationReference = 4365ECBD6872B60FFF2C9B95 /* Pods-KTCodeTextViewTests.release.xcconfig */;
			buildSettings = {
				ALWAYS_EMBED_SWIFT_STANDARD_LIBRARIES = YES;
				BUNDLE_LOADER = "$(TEST_HOST)";
				CODE_SIGN_STYLE = Automatic;
				DEVELOPMENT_TEAM = TL5T75PGX2;
				INFOPLIST_FILE = CodeTextFieldTests/Info.plist;
				IPHONEOS_DEPLOYMENT_TARGET = 13.2;
				LD_RUNPATH_SEARCH_PATHS = (
					"$(inherited)",
					"@executable_path/Frameworks",
					"@loader_path/Frameworks",
				);
				PRODUCT_BUNDLE_IDENTIFIER = com.kevinturner.CodeTextFieldTests;
				PRODUCT_NAME = "$(TARGET_NAME)";
				SWIFT_VERSION = 5.0;
				TARGETED_DEVICE_FAMILY = "1,2";
				TEST_HOST = "$(BUILT_PRODUCTS_DIR)/KTCodeTextView.app/KTCodeTextView";
			};
			name = Release;
		};
		687936ED242824F400159C4F /* Debug */ = {
			isa = XCBuildConfiguration;
			baseConfigurationReference = 1ECE25AC2960445CEB79AB89 /* Pods-KTCodeTextView-KTCodeTextViewUITests.debug.xcconfig */;
			buildSettings = {
				ALWAYS_EMBED_SWIFT_STANDARD_LIBRARIES = YES;
				CODE_SIGN_STYLE = Automatic;
				DEVELOPMENT_TEAM = TL5T75PGX2;
				INFOPLIST_FILE = CodeTextFieldUITests/Info.plist;
				LD_RUNPATH_SEARCH_PATHS = (
					"$(inherited)",
					"@executable_path/Frameworks",
					"@loader_path/Frameworks",
				);
				PRODUCT_BUNDLE_IDENTIFIER = com.kevinturner.CodeTextFieldUITests;
				PRODUCT_NAME = "$(TARGET_NAME)";
				SWIFT_VERSION = 5.0;
				TARGETED_DEVICE_FAMILY = "1,2";
				TEST_TARGET_NAME = CodeTextField;
			};
			name = Debug;
		};
		687936EE242824F400159C4F /* Release */ = {
			isa = XCBuildConfiguration;
			baseConfigurationReference = A891DC8219F8070D5DBC494D /* Pods-KTCodeTextView-KTCodeTextViewUITests.release.xcconfig */;
			buildSettings = {
				ALWAYS_EMBED_SWIFT_STANDARD_LIBRARIES = YES;
				CODE_SIGN_STYLE = Automatic;
				DEVELOPMENT_TEAM = TL5T75PGX2;
				INFOPLIST_FILE = CodeTextFieldUITests/Info.plist;
				LD_RUNPATH_SEARCH_PATHS = (
					"$(inherited)",
					"@executable_path/Frameworks",
					"@loader_path/Frameworks",
				);
				PRODUCT_BUNDLE_IDENTIFIER = com.kevinturner.CodeTextFieldUITests;
				PRODUCT_NAME = "$(TARGET_NAME)";
				SWIFT_VERSION = 5.0;
				TARGETED_DEVICE_FAMILY = "1,2";
				TEST_TARGET_NAME = CodeTextField;
			};
			name = Release;
		};
/* End XCBuildConfiguration section */

/* Begin XCConfigurationList section */
		687936B4242824F100159C4F /* Build configuration list for PBXProject "KTCodeTextView" */ = {
			isa = XCConfigurationList;
			buildConfigurations = (
				687936E4242824F400159C4F /* Debug */,
				687936E5242824F400159C4F /* Release */,
			);
			defaultConfigurationIsVisible = 0;
			defaultConfigurationName = Release;
		};
		687936E6242824F400159C4F /* Build configuration list for PBXNativeTarget "KTCodeTextView" */ = {
			isa = XCConfigurationList;
			buildConfigurations = (
				687936E7242824F400159C4F /* Debug */,
				687936E8242824F400159C4F /* Release */,
			);
			defaultConfigurationIsVisible = 0;
			defaultConfigurationName = Release;
		};
		687936E9242824F400159C4F /* Build configuration list for PBXNativeTarget "KTCodeTextViewTests" */ = {
			isa = XCConfigurationList;
			buildConfigurations = (
				687936EA242824F400159C4F /* Debug */,
				687936EB242824F400159C4F /* Release */,
			);
			defaultConfigurationIsVisible = 0;
			defaultConfigurationName = Release;
		};
		687936EC242824F400159C4F /* Build configuration list for PBXNativeTarget "KTCodeTextViewUITests" */ = {
			isa = XCConfigurationList;
			buildConfigurations = (
				687936ED242824F400159C4F /* Debug */,
				687936EE242824F400159C4F /* Release */,
			);
			defaultConfigurationIsVisible = 0;
			defaultConfigurationName = Release;
		};
/* End XCConfigurationList section */

/* Begin XCVersionGroup section */
		687936C5242824F100159C4F /* CodeTextField.xcdatamodeld */ = {
			isa = XCVersionGroup;
			children = (
				687936C6242824F100159C4F /* CodeTextField.xcdatamodel */,
			);
			currentVersion = 687936C6242824F100159C4F /* CodeTextField.xcdatamodel */;
			path = CodeTextField.xcdatamodeld;
			sourceTree = "<group>";
			versionGroupType = wrapper.xcdatamodel;
		};
/* End XCVersionGroup section */
	};
	rootObject = 687936B1242824F100159C4F /* Project object */;
}
